
Microsoft Visual Studio Solution File, Format Version 12.00
# Visual Studio Version 17
VisualStudioVersion = 17.0.31903.59
MinimumVisualStudioVersion = 10.0.40219.1
Project("{9A19103F-16F7-4668-BE54-9A1E7A4F7556}") = "wallet.api", "wallet.api\wallet.api.csproj", "{FFD30784-6991-48AA-8B1E-554980ED0A4B}"
EndProject
Project("{FAE04EC0-301F-11D3-BF4B-00C04F79EFBC}") = "wallet.tests", "wallet.tests\wallet.tests.csproj", "{9183A8FA-84D8-4AAD-A045-38FF193C9033}"
EndProject
Global
	GlobalSection(SolutionConfigurationPlatforms) = preSolution
		Debug|Any CPU = Debug|Any CPU
		Release|Any CPU = Release|Any CPU
	EndGlobalSection
	GlobalSection(ProjectConfigurationPlatforms) = postSolution
		{FFD30784-6991-48AA-8B1E-554980ED0A4B}.Debug|Any CPU.ActiveCfg = Debug|Any CPU
		{FFD30784-6991-48AA-8B1E-554980ED0A4B}.Debug|Any CPU.Build.0 = Debug|Any CPU
		{FFD30784-6991-48AA-8B1E-554980ED0A4B}.Release|Any CPU.ActiveCfg = Release|Any CPU
		{FFD30784-6991-48AA-8B1E-554980ED0A4B}.Release|Any CPU.Build.0 = Release|Any CPU
		{9183A8FA-84D8-4AAD-A045-38FF193C9033}.Debug|Any CPU.ActiveCfg = Debug|Any CPU
		{9183A8FA-84D8-4AAD-A045-38FF193C9033}.Debug|Any CPU.Build.0 = Debug|Any CPU
		{9183A8FA-84D8-4AAD-A045-38FF193C9033}.Release|Any CPU.ActiveCfg = Release|Any CPU
		{9183A8FA-84D8-4AAD-A045-38FF193C9033}.Release|Any CPU.Build.0 = Release|Any CPU
	EndGlobalSection
	GlobalSection(SolutionProperties) = preSolution
		HideSolutionNode = FALSE
	EndGlobalSection
EndGlobal
